// !$*UTF8*$!
{
	archiveVersion = 1;
	classes = {
	};
	objectVersion = 56;
	objects = {

/* Begin PBXBuildFile section */
		A1000001 /* TriageApp.swift in Sources */ = {isa = PBXBuildFile; fileRef = B1000001 /* TriageApp.swift */; };
		A1000002 /* AppState.swift in Sources */ = {isa = PBXBuildFile; fileRef = B1000002 /* AppState.swift */; };
		A1000003 /* ContentView.swift in Sources */ = {isa = PBXBuildFile; fileRef = B1000003 /* ContentView.swift */; };
		A1000004 /* CategoryBreakdownView.swift in Sources */ = {isa = PBXBuildFile; fileRef = B1000004 /* CategoryBreakdownView.swift */; };
		A1000005 /* ActionPlanView.swift in Sources */ = {isa = PBXBuildFile; fileRef = B1000005 /* ActionPlanView.swift */; };
		A1000006 /* AppConfig.swift in Sources */ = {isa = PBXBuildFile; fileRef = B1000006 /* AppConfig.swift */; };
		A1000007 /* Secrets.swift in Sources */ = {isa = PBXBuildFile; fileRef = B1000007 /* Secrets.swift */; };
		A1000008 /* TriageCore in Frameworks */ = {isa = PBXBuildFile; productRef = D1000001 /* TriageCore */; };
/* End PBXBuildFile section */

/* Begin PBXFileReference section */
		B1000001 /* TriageApp.swift */ = {isa = PBXFileReference; lastKnownFileType = sourcecode.swift; path = TriageApp.swift; sourceTree = "<group>"; };
		B1000002 /* AppState.swift */ = {isa = PBXFileReference; lastKnownFileType = sourcecode.swift; path = AppState.swift; sourceTree = "<group>"; };
		B1000003 /* ContentView.swift */ = {isa = PBXFileReference; lastKnownFileType = sourcecode.swift; path = ContentView.swift; sourceTree = "<group>"; };
		B1000004 /* CategoryBreakdownView.swift */ = {isa = PBXFileReference; lastKnownFileType = sourcecode.swift; path = CategoryBreakdownView.swift; sourceTree = "<group>"; };
		B1000005 /* ActionPlanView.swift */ = {isa = PBXFileReference; lastKnownFileType = sourcecode.swift; path = ActionPlanView.swift; sourceTree = "<group>"; };
		B1000006 /* AppConfig.swift */ = {isa = PBXFileReference; lastKnownFileType = sourcecode.swift; path = AppConfig.swift; sourceTree = "<group>"; };
		B1000007 /* Secrets.swift */ = {isa = PBXFileReference; lastKnownFileType = sourcecode.swift; path = Secrets.swift; sourceTree = "<group>"; };
		C1000001 /* Triage.app */ = {isa = PBXFileReference; explicitFileType = wrapper.application; includeInIndex = 0; path = Triage.app; sourceTree = BUILT_PRODUCTS_DIR; };
/* End PBXFileReference section */

/* Begin PBXFrameworksBuildPhase section */
		E1000001 /* Frameworks */ = {
			isa = PBXFrameworksBuildPhase;
			buildActionMask = 2147483647;
			files = (
				A1000008 /* TriageCore in Frameworks */,
			);
			runOnlyForDeploymentPostprocessing = 0;
		};
/* End PBXFrameworksBuildPhase section */

/* Begin PBXGroup section */
		F1000001 = {
			isa = PBXGroup;
			children = (
				F1000002 /* Triage */,
				F1000005 /* Products */,
			);
			sourceTree = "<group>";
		};
		F1000002 /* Triage */ = {
			isa = PBXGroup;
			children = (
				F1000003 /* App */,
				F1000004 /* Views */,
				F1000006 /* Config */,
			);
			path = Triage;
			sourceTree = "<group>";
		};
		F1000003 /* App */ = {
			isa = PBXGroup;
			children = (
				B1000001 /* TriageApp.swift */,
				B1000002 /* AppState.swift */,
			);
			path = App;
			sourceTree = "<group>";
		};
		F1000004 /* Views */ = {
			isa = PBXGroup;
			children = (
				B1000003 /* ContentView.swift */,
				B1000004 /* CategoryBreakdownView.swift */,
				B1000005 /* ActionPlanView.swift */,
			);
			path = Views;
			sourceTree = "<group>";
		};
		F1000005 /* Products */ = {
			isa = PBXGroup;
			children = (
				C1000001 /* Triage.app */,
			);
			name = Products;
			sourceTree = "<group>";
		};
		F1000006 /* Config */ = {
			isa = PBXGroup;
			children = (
				B1000006 /* AppConfig.swift */,
				B1000007 /* Secrets.swift */,
			);
			path = Config;
			sourceTree = "<group>";
		};
/* End PBXGroup section */

/* Begin PBXNativeTarget section */
		T1000001 /* Triage */ = {
			isa = PBXNativeTarget;
			buildConfigurationList = X1000003 /* Build configuration list for PBXNativeTarget "Triage" */;
			buildPhases = (
				E1000002 /* Sources */,
				E1000001 /* Frameworks */,
			);
			buildRules = (
			);
			dependencies = (
			);
			name = Triage;
			packageProductDependencies = (
				D1000001 /* TriageCore */,
			);
			productName = Triage;
			productReference = C1000001 /* Triage.app */;
			productType = "com.apple.product-type.application";
		};
/* End PBXNativeTarget section */

/* Begin PBXProject section */
		P1000001 /* Project object */ = {
			isa = PBXProject;
			attributes = {
				BuildIndependentTargetsInParallel = 1;
				LastSwiftUpdateCheck = 1500;
				LastUpgradeCheck = 1500;
			};
			buildConfigurationList = X1000001 /* Build configuration list for PBXProject "Triage" */;
			compatibilityVersion = "Xcode 14.0";
			developmentRegion = en;
			hasScannedForEncodings = 0;
			knownRegions = (
				en,
				Base,
			);
			mainGroup = F1000001;
			packageReferences = (
				R1000001 /* XCLocalSwiftPackageReference */,
			);
			productRefGroup = F1000005 /* Products */;
			projectDirPath = "";
			projectRoot = "";
			targets = (
				T1000001 /* Triage */,
			);
		};
/* End PBXProject section */

/* Begin PBXSourcesBuildPhase section */
		E1000002 /* Sources */ = {
			isa = PBXSourcesBuildPhase;
			buildActionMask = 2147483647;
			files = (
				A1000001 /* TriageApp.swift in Sources */,
				A1000002 /* AppState.swift in Sources */,
				A1000003 /* ContentView.swift in Sources */,
				A1000004 /* CategoryBreakdownView.swift in Sources */,
				A1000005 /* ActionPlanView.swift in Sources */,
				A1000006 /* AppConfig.swift in Sources */,
				A1000007 /* Secrets.swift in Sources */,
			);
			runOnlyForDeploymentPostprocessing = 0;
		};
/* End PBXSourcesBuildPhase section */

/* Begin XCBuildConfiguration section */
		X1000011 /* Debug */ = {
			isa = XCBuildConfiguration;
			buildSettings = {
				ALWAYS_SEARCH_USER_PATHS = NO;
				CLANG_ENABLE_MODULES = YES;
				CLANG_ENABLE_OBJC_ARC = YES;
				COPY_PHASE_STRIP = NO;
				DEBUG_INFORMATION_FORMAT = dwarf;
				ENABLE_STRICT_OBJC_MSGSEND = YES;
				ENABLE_TESTABILITY = YES;
				GCC_DYNAMIC_NO_PIC = NO;
				GCC_OPTIMIZATION_LEVEL = 0;
				GCC_PREPROCESSOR_DEFINITIONS = (
					"DEBUG=1",
					"$(inherited)",
				);
				MACOSX_DEPLOYMENT_TARGET = 14.0;
				MTL_ENABLE_DEBUG_INFO = INCLUDE_SOURCE;
				ONLY_ACTIVE_ARCH = YES;
				SDKROOT = macosx;
				SWIFT_ACTIVE_COMPILATION_CONDITIONS = DEBUG;
				SWIFT_OPTIMIZATION_LEVEL = "-Onone";
				SWIFT_VERSION = 5.0;
			};
			name = Debug;
		};
		X1000012 /* Release */ = {
			isa = XCBuildConfiguration;
			buildSettings = {
				ALWAYS_SEARCH_USER_PATHS = NO;
				CLANG_ENABLE_MODULES = YES;
				CLANG_ENABLE_OBJC_ARC = YES;
				COPY_PHASE_STRIP = NO;
				DEBUG_INFORMATION_FORMAT = "dwarf-with-dsym";
				ENABLE_NS_ASSERTIONS = NO;
				ENABLE_STRICT_OBJC_MSGSEND = YES;
				GCC_OPTIMIZATION_LEVEL = s;
				MACOSX_DEPLOYMENT_TARGET = 14.0;
				MTL_ENABLE_DEBUG_INFO = NO;
				SDKROOT = macosx;
				SWIFT_COMPILATION_MODE = wholemodule;
				SWIFT_OPTIMIZATION_LEVEL = "-O";
				SWIFT_VERSION = 5.0;
			};
			name = Release;
		};
		X1000021 /* Debug */ = {
			isa = XCBuildConfiguration;
			buildSettings = {
				ASSETCATALOG_COMPILER_APPICON_NAME = AppIcon;
				CODE_SIGN_STYLE = Automatic;
				COMBINE_HIDPI_IMAGES = YES;
				CURRENT_PROJECT_VERSION = 1;
				GENERATE_INFOPLIST_FILE = YES;
				INFOPLIST_KEY_LSApplicationCategoryType = "public.app-category.productivity";
				INFOPLIST_KEY_NSHumanReadableCopyright = "";
				LD_RUNPATH_SEARCH_PATHS = (
					"$(inherited)",
					"@executable_path/../Frameworks",
				);
				MARKETING_VERSION = 1.0;
				PRODUCT_BUNDLE_IDENTIFIER = com.triage.app;
				PRODUCT_NAME = "$(TARGET_NAME)";
				SWIFT_EMIT_LOC_STRINGS = YES;
				SWIFT_VERSION = 5.0;
			};
			name = Debug;
		};
		X1000022 /* Release */ = {
			isa = XCBuildConfiguration;
			buildSettings = {
				ASSETCATALOG_COMPILER_APPICON_NAME = AppIcon;
				CODE_SIGN_STYLE = Automatic;
				COMBINE_HIDPI_IMAGES = YES;
				CURRENT_PROJECT_VERSION = 1;
				GENERATE_INFOPLIST_FILE = YES;
				INFOPLIST_KEY_LSApplicationCategoryType = "public.app-category.productivity";
				INFOPLIST_KEY_NSHumanReadableCopyright = "";
				LD_RUNPATH_SEARCH_PATHS = (
					"$(inherited)",
					"@executable_path/../Frameworks",
				);
				MARKETING_VERSION = 1.0;
				PRODUCT_BUNDLE_IDENTIFIER = com.triage.app;
				PRODUCT_NAME = "$(TARGET_NAME)";
				SWIFT_EMIT_LOC_STRINGS = YES;
				SWIFT_VERSION = 5.0;
			};
			name = Release;
		};
/* End XCBuildConfiguration section */

/* Begin XCConfigurationList section */
		X1000001 /* Build configuration list for PBXProject "Triage" */ = {
			isa = XCConfigurationList;
			buildConfigurations = (
				X1000011 /* Debug */,
				X1000012 /* Release */,
			);
			defaultConfigurationIsVisible = 0;
			defaultConfigurationName = Release;
		};
		X1000003 /* Build configuration list for PBXNativeTarget "Triage" */ = {
			isa = XCConfigurationList;
			buildConfigurations = (
				X1000021 /* Debug */,
				X1000022 /* Release */,
			);
			defaultConfigurationIsVisible = 0;
			defaultConfigurationName = Release;
		};
/* End XCConfigurationList section */

/* Begin XCLocalSwiftPackageReference section */
		R1000001 /* XCLocalSwiftPackageReference */ = {
			isa = XCLocalSwiftPackageReference;
			relativePath = .;
		};
/* End XCLocalSwiftPackageReference section */

/* Begin XCSwiftPackageProductDependency section */
		D1000001 /* TriageCore */ = {
			isa = XCSwiftPackageProductDependency;
			package = R1000001 /* XCLocalSwiftPackageReference */;
			productName = TriageCore;
		};
/* End XCSwiftPackageProductDependency section */

	};
	rootObject = P1000001 /* Project object */;
}
